
Microsoft Visual Studio Solution File, Format Version 12.00
# Visual Studio Version 17
VisualStudioVersion = 17.5.2.0
MinimumVisualStudioVersion = 10.0.40219.1
Project("{FAE04EC0-301F-11D3-BF4B-00C04F79EFBC}") = "Linting", "Linting.csproj", "{668BED30-99FE-F020-295E-23135B7FF5B8}"
EndProject
Project("{FAE04EC0-301F-11D3-BF4B-00C04F79EFBC}") = "Testing", "Testing.csproj", "{11BBDFFA-1712-442D-998C-F963E7CCFF96}"
EndProject
Global
	GlobalSection(SolutionConfigurationPlatforms) = preSolution
		Debug|Any CPU = Debug|Any CPU
		Debug|x64 = Debug|x64
		Debug|x86 = Debug|x86
		Release|Any CPU = Release|Any CPU
		Release|x64 = Release|x64
		Release|x86 = Release|x86
	EndGlobalSection
	GlobalSection(ProjectConfigurationPlatforms) = postSolution
		{668BED30-99FE-F020-295E-23135B7FF5B8}.Debug|Any CPU.ActiveCfg = Debug|Any CPU
		{668BED30-99FE-F020-295E-23135B7FF5B8}.Debug|Any CPU.Build.0 = Debug|Any CPU
		{668BED30-99FE-F020-295E-23135B7FF5B8}.Debug|x64.ActiveCfg = Debug|Any CPU
		{668BED30-99FE-F020-295E-23135B7FF5B8}.Debug|x64.Build.0 = Debug|Any CPU
		{668BED30-99FE-F020-295E-23135B7FF5B8}.Debug|x86.ActiveCfg = Debug|Any CPU
		{668BED30-99FE-F020-295E-23135B7FF5B8}.Debug|x86.Build.0 = Debug|Any CPU
		{668BED30-99FE-F020-295E-23135B7FF5B8}.Release|Any CPU.ActiveCfg = Release|Any CPU
		{668BED30-99FE-F020-295E-23135B7FF5B8}.Release|Any CPU.Build.0 = Release|Any CPU
		{668BED30-99FE-F020-295E-23135B7FF5B8}.Release|x64.ActiveCfg = Release|Any CPU
		{668BED30-99FE-F020-295E-23135B7FF5B8}.Release|x64.Build.0 = Release|Any CPU
		{668BED30-99FE-F020-295E-23135B7FF5B8}.Release|x86.ActiveCfg = Release|Any CPU
		{668BED30-99FE-F020-295E-23135B7FF5B8}.Release|x86.Build.0 = Release|Any CPU
		{11BBDFFA-1712-442D-998C-F963E7CCFF96}.Debug|Any CPU.ActiveCfg = Debug|Any CPU
		{11BBDFFA-1712-442D-998C-F963E7CCFF96}.Debug|Any CPU.Build.0 = Debug|Any CPU
		{11BBDFFA-1712-442D-998C-F963E7CCFF96}.Debug|x64.ActiveCfg = Debug|Any CPU
		{11BBDFFA-1712-442D-998C-F963E7CCFF96}.Debug|x64.Build.0 = Debug|Any CPU
		{11BBDFFA-1712-442D-998C-F963E7CCFF96}.Debug|x86.ActiveCfg = Debug|Any CPU
		{11BBDFFA-1712-442D-998C-F963E7CCFF96}.Debug|x86.Build.0 = Debug|Any CPU
		{11BBDFFA-1712-442D-998C-F963E7CCFF96}.Release|Any CPU.ActiveCfg = Release|Any CPU
		{11BBDFFA-1712-442D-998C-F963E7CCFF96}.Release|Any CPU.Build.0 = Release|Any CPU
		{11BBDFFA-1712-442D-998C-F963E7CCFF96}.Release|x64.ActiveCfg = Release|Any CPU
		{11BBDFFA-1712-442D-998C-F963E7CCFF96}.Release|x64.Build.0 = Release|Any CPU
		{11BBDFFA-1712-442D-998C-F963E7CCFF96}.Release|x86.ActiveCfg = Release|Any CPU
		{11BBDFFA-1712-442D-998C-F963E7CCFF96}.Release|x86.Build.0 = Release|Any CPU
	EndGlobalSection
	GlobalSection(SolutionProperties) = preSolution
		HideSolutionNode = FALSE
	EndGlobalSection
	GlobalSection(ExtensibilityGlobals) = postSolution
		SolutionGuid = {CD5A977B-75FE-42D6-843A-9BEE444CCB2F}
	EndGlobalSection
EndGlobal
